
Microsoft Visual Studio Solution File, Format Version 12.00
# Visual Studio Version 16
VisualStudioVersion = 16.0.29609.76
MinimumVisualStudioVersion = 10.0.40219.1
Project("{FAE04EC0-301F-11D3-BF4B-00C04F79EFBC}") = "RedRP", "RedRP\RedRP.csproj", "{B4FB6861-8F38-466D-B3D0-B9CE7AAA8B69}"
EndProject
Project("{9A19103F-16F7-4668-BE54-9A1E7A4F7556}") = "Ps4RemotePlay", "Ps4RemotePlay\Ps4RemotePlay.csproj", "{B63837C3-F1C8-4D2B-980A-ADBF5BDFB2B1}"
EndProject
Global
	GlobalSection(SolutionConfigurationPlatforms) = preSolution
		Debug|Any CPU = Debug|Any CPU
		Release|Any CPU = Release|Any CPU
	EndGlobalSection
	GlobalSection(ProjectConfigurationPlatforms) = postSolution
		{B4FB6861-8F38-466D-B3D0-B9CE7AAA8B69}.Debug|Any CPU.ActiveCfg = Debug|Any CPU
		{B4FB6861-8F38-466D-B3D0-B9CE7AAA8B69}.Debug|Any CPU.Build.0 = Debug|Any CPU
		{B4FB6861-8F38-466D-B3D0-B9CE7AAA8B69}.Release|Any CPU.ActiveCfg = Release|Any CPU
		{B4FB6861-8F38-466D-B3D0-B9CE7AAA8B69}.Release|Any CPU.Build.0 = Release|Any CPU
		{B63837C3-F1C8-4D2B-980A-ADBF5BDFB2B1}.Debug|Any CPU.ActiveCfg = Debug|Any CPU
		{B63837C3-F1C8-4D2B-980A-ADBF5BDFB2B1}.Debug|Any CPU.Build.0 = Debug|Any CPU
		{B63837C3-F1C8-4D2B-980A-ADBF5BDFB2B1}.Release|Any CPU.ActiveCfg = Release|Any CPU
		{B63837C3-F1C8-4D2B-980A-ADBF5BDFB2B1}.Release|Any CPU.Build.0 = Release|Any CPU
	EndGlobalSection
	GlobalSection(SolutionProperties) = preSolution
		HideSolutionNode = FALSE
	EndGlobalSection
	GlobalSection(ExtensibilityGlobals) = postSolution
		SolutionGuid = {690D1989-5CBC-47F1-AB23-7C6DEDAD705E}
	EndGlobalSection
EndGlobal
